
Microsoft Visual Studio Solution File, Format Version 12.00
# Visual Studio Version 17
VisualStudioVersion = 17.0.31903.59
MinimumVisualStudioVersion = 10.0.40219.1
Project("{FAE04EC0-301F-11D3-BF4B-00C04F79EFBC}") = "ArrayRepeatedNumbers", "ArrayRepeatedNumbers.csproj", "{D90D0BC5-24E6-4FB0-A409-2545B48E770E}"
EndProject
Global
	GlobalSection(SolutionConfigurationPlatforms) = preSolution
		Debug|Any CPU = Debug|Any CPU
		Release|Any CPU = Release|Any CPU
	EndGlobalSection
	GlobalSection(SolutionProperties) = preSolution
		HideSolutionNode = FALSE
	EndGlobalSection
	GlobalSection(ProjectConfigurationPlatforms) = postSolution
		{D90D0BC5-24E6-4FB0-A409-2545B48E770E}.Debug|Any CPU.ActiveCfg = Debug|Any CPU
		{D90D0BC5-24E6-4FB0-A409-2545B48E770E}.Debug|Any CPU.Build.0 = Debug|Any CPU
		{D90D0BC5-24E6-4FB0-A409-2545B48E770E}.Release|Any CPU.ActiveCfg = Release|Any CPU
		{D90D0BC5-24E6-4FB0-A409-2545B48E770E}.Release|Any CPU.Build.0 = Release|Any CPU
	EndGlobalSection
EndGlobal

